// !$*UTF8*$!
{
	archiveVersion = 1;
	classes = {
	};
	objectVersion = 46;
	objects = {

/* Begin PBXBuildFile section */
		1AF8E14D1DF8220C0064AF07 /* AppDelegate.swift in Sources */ = {isa = PBXBuildFile; fileRef = 1AF8E14C1DF8220C0064AF07 /* AppDelegate.swift */; };
		1AF8E14F1DF8220C0064AF07 /* ViewController.swift in Sources */ = {isa = PBXBuildFile; fileRef = 1AF8E14E1DF8220C0064AF07 /* ViewController.swift */; };
		1AF8E1521DF8220C0064AF07 /* Main.storyboard in Resources */ = {isa = PBXBuildFile; fileRef = 1AF8E1501DF8220C0064AF07 /* Main.storyboard */; };
		1AF8E1541DF8220C0064AF07 /* Assets.xcassets in Resources */ = {isa = PBXBuildFile; fileRef = 1AF8E1531DF8220C0064AF07 /* Assets.xcassets */; };
		1AF8E1571DF8220C0064AF07 /* LaunchScreen.storyboard in Resources */ = {isa = PBXBuildFile; fileRef = 1AF8E1551DF8220C0064AF07 /* LaunchScreen.storyboard */; };
		1AF8E1621DF8220C0064AF07 /* SaveTheKittensAndAcceptTheHairlessOnesTests.swift in Sources */ = {isa = PBXBuildFile; fileRef = 1AF8E1611DF8220C0064AF07 /* SaveTheKittensAndAcceptTheHairlessOnesTests.swift */; };
		1AF8E16D1DF8220C0064AF07 /* SaveTheKittensAndAcceptTheHairlessOnesUITests.swift in Sources */ = {isa = PBXBuildFile; fileRef = 1AF8E16C1DF8220C0064AF07 /* SaveTheKittensAndAcceptTheHairlessOnesUITests.swift */; };
/* End PBXBuildFile section */

/* Begin PBXContainerItemProxy section */
		1AF8E15E1DF8220C0064AF07 /* PBXContainerItemProxy */ = {
			isa = PBXContainerItemProxy;
			containerPortal = 1AF8E1411DF8220C0064AF07 /* Project object */;
			proxyType = 1;
			remoteGlobalIDString = 1AF8E1481DF8220C0064AF07;
			remoteInfo = SaveTheKittensAndAcceptTheHairlessOnes;
		};
		1AF8E1691DF8220C0064AF07 /* PBXContainerItemProxy */ = {
			isa = PBXContainerItemProxy;
			containerPortal = 1AF8E1411DF8220C0064AF07 /* Project object */;
			proxyType = 1;
			remoteGlobalIDString = 1AF8E1481DF8220C0064AF07;
			remoteInfo = SaveTheKittensAndAcceptTheHairlessOnes;
		};
/* End PBXContainerItemProxy section */

/* Begin PBXFileReference section */
		1AF8E1491DF8220C0064AF07 /* SaveTheKittensAndAcceptTheHairlessOnes.app */ = {isa = PBXFileReference; explicitFileType = wrapper.application; includeInIndex = 0; path = SaveTheKittensAndAcceptTheHairlessOnes.app; sourceTree = BUILT_PRODUCTS_DIR; };
		1AF8E14C1DF8220C0064AF07 /* AppDelegate.swift */ = {isa = PBXFileReference; lastKnownFileType = sourcecode.swift; path = AppDelegate.swift; sourceTree = "<group>"; };
		1AF8E14E1DF8220C0064AF07 /* ViewController.swift */ = {isa = PBXFileReference; lastKnownFileType = sourcecode.swift; path = ViewController.swift; sourceTree = "<group>"; };
		1AF8E1511DF8220C0064AF07 /* Base */ = {isa = PBXFileReference; lastKnownFileType = file.storyboard; name = Base; path = Base.lproj/Main.storyboard; sourceTree = "<group>"; };
		1AF8E1531DF8220C0064AF07 /* Assets.xcassets */ = {isa = PBXFileReference; lastKnownFileType = folder.assetcatalog; path = Assets.xcassets; sourceTree = "<group>"; };
		1AF8E1561DF8220C0064AF07 /* Base */ = {isa = PBXFileReference; lastKnownFileType = file.storyboard; name = Base; path = Base.lproj/LaunchScreen.storyboard; sourceTree = "<group>"; };
		1AF8E1581DF8220C0064AF07 /* Info.plist */ = {isa = PBXFileReference; lastKnownFileType = text.plist.xml; path = Info.plist; sourceTree = "<group>"; };
		1AF8E15D1DF8220C0064AF07 /* SaveTheKittensAndAcceptTheHairlessOnesTests.xctest */ = {isa = PBXFileReference; explicitFileType = wrapper.cfbundle; includeInIndex = 0; path = SaveTheKittensAndAcceptTheHairlessOnesTests.xctest; sourceTree = BUILT_PRODUCTS_DIR; };
		1AF8E1611DF8220C0064AF07 /* SaveTheKittensAndAcceptTheHairlessOnesTests.swift */ = {isa = PBXFileReference; lastKnownFileType = sourcecode.swift; path = SaveTheKittensAndAcceptTheHairlessOnesTests.swift; sourceTree = "<group>"; };
		1AF8E1631DF8220C0064AF07 /* Info.plist */ = {isa = PBXFileReference; lastKnownFileType = text.plist.xml; path = Info.plist; sourceTree = "<group>"; };
		1AF8E1681DF8220C0064AF07 /* SaveTheKittensAndAcceptTheHairlessOnesUITests.xctest */ = {isa = PBXFileReference; explicitFileType = wrapper.cfbundle; includeInIndex = 0; path = SaveTheKittensAndAcceptTheHairlessOnesUITests.xctest; sourceTree = BUILT_PRODUCTS_DIR; };
		1AF8E16C1DF8220C0064AF07 /* SaveTheKittensAndAcceptTheHairlessOnesUITests.swift */ = {isa = PBXFileReference; lastKnownFileType = sourcecode.swift; path = SaveTheKittensAndAcceptTheHairlessOnesUITests.swift; sourceTree = "<group>"; };
		1AF8E16E1DF8220C0064AF07 /* Info.plist */ = {isa = PBXFileReference; lastKnownFileType = text.plist.xml; path = Info.plist; sourceTree = "<group>"; };
/* End PBXFileReference section */

/* Begin PBXFrameworksBuildPhase section */
		1AF8E1461DF8220C0064AF07 /* Frameworks */ = {
			isa = PBXFrameworksBuildPhase;
			buildActionMask = 2147483647;
			files = (
			);
			runOnlyForDeploymentPostprocessing = 0;
		};
		1AF8E15A1DF8220C0064AF07 /* Frameworks */ = {
			isa = PBXFrameworksBuildPhase;
			buildActionMask = 2147483647;
			files = (
			);
			runOnlyForDeploymentPostprocessing = 0;
		};
		1AF8E1651DF8220C0064AF07 /* Frameworks */ = {
			isa = PBXFrameworksBuildPhase;
			buildActionMask = 2147483647;
			files = (
			);
			runOnlyForDeploymentPostprocessing = 0;
		};
/* End PBXFrameworksBuildPhase section */

/* Begin PBXGroup section */
		1AF8E1401DF8220C0064AF07 = {
			isa = PBXGroup;
			children = (
				1AF8E14B1DF8220C0064AF07 /* SaveTheKittensAndAcceptTheHairlessOnes */,
				1AF8E1601DF8220C0064AF07 /* SaveTheKittensAndAcceptTheHairlessOnesTests */,
				1AF8E16B1DF8220C0064AF07 /* SaveTheKittensAndAcceptTheHairlessOnesUITests */,
				1AF8E14A1DF8220C0064AF07 /* Products */,
			);
			sourceTree = "<group>";
		};
		1AF8E14A1DF8220C0064AF07 /* Products */ = {
			isa = PBXGroup;
			children = (
				1AF8E1491DF8220C0064AF07 /* SaveTheKittensAndAcceptTheHairlessOnes.app */,
				1AF8E15D1DF8220C0064AF07 /* SaveTheKittensAndAcceptTheHairlessOnesTests.xctest */,
				1AF8E1681DF8220C0064AF07 /* SaveTheKittensAndAcceptTheHairlessOnesUITests.xctest */,
			);
			name = Products;
			sourceTree = "<group>";
		};
		1AF8E14B1DF8220C0064AF07 /* SaveTheKittensAndAcceptTheHairlessOnes */ = {
			isa = PBXGroup;
			children = (
				1AF8E14C1DF8220C0064AF07 /* AppDelegate.swift */,
				1AF8E14E1DF8220C0064AF07 /* ViewController.swift */,
				1AF8E1501DF8220C0064AF07 /* Main.storyboard */,
				1AF8E1531DF8220C0064AF07 /* Assets.xcassets */,
				1AF8E1551DF8220C0064AF07 /* LaunchScreen.storyboard */,
				1AF8E1581DF8220C0064AF07 /* Info.plist */,
			);
			path = SaveTheKittensAndAcceptTheHairlessOnes;
			sourceTree = "<group>";
		};
		1AF8E1601DF8220C0064AF07 /* SaveTheKittensAndAcceptTheHairlessOnesTests */ = {
			isa = PBXGroup;
			children = (
				1AF8E1611DF8220C0064AF07 /* SaveTheKittensAndAcceptTheHairlessOnesTests.swift */,
				1AF8E1631DF8220C0064AF07 /* Info.plist */,
			);
			path = SaveTheKittensAndAcceptTheHairlessOnesTests;
			sourceTree = "<group>";
		};
		1AF8E16B1DF8220C0064AF07 /* SaveTheKittensAndAcceptTheHairlessOnesUITests */ = {
			isa = PBXGroup;
			children = (
				1AF8E16C1DF8220C0064AF07 /* SaveTheKittensAndAcceptTheHairlessOnesUITests.swift */,
				1AF8E16E1DF8220C0064AF07 /* Info.plist */,
			);
			path = SaveTheKittensAndAcceptTheHairlessOnesUITests;
			sourceTree = "<group>";
		};
/* End PBXGroup section */

/* Begin PBXNativeTarget section */
		1AF8E1481DF8220C0064AF07 /* SaveTheKittensAndAcceptTheHairlessOnes */ = {
			isa = PBXNativeTarget;
			buildConfigurationList = 1AF8E1711DF8220C0064AF07 /* Build configuration list for PBXNativeTarget "SaveTheKittensAndAcceptTheHairlessOnes" */;
			buildPhases = (
				1AF8E1451DF8220C0064AF07 /* Sources */,
				1AF8E1461DF8220C0064AF07 /* Frameworks */,
				1AF8E1471DF8220C0064AF07 /* Resources */,
			);
			buildRules = (
			);
			dependencies = (
			);
			name = SaveTheKittensAndAcceptTheHairlessOnes;
			productName = SaveTheKittensAndAcceptTheHairlessOnes;
			productReference = 1AF8E1491DF8220C0064AF07 /* SaveTheKittensAndAcceptTheHairlessOnes.app */;
			productType = "com.apple.product-type.application";
		};
		1AF8E15C1DF8220C0064AF07 /* SaveTheKittensAndAcceptTheHairlessOnesTests */ = {
			isa = PBXNativeTarget;
			buildConfigurationList = 1AF8E1741DF8220C0064AF07 /* Build configuration list for PBXNativeTarget "SaveTheKittensAndAcceptTheHairlessOnesTests" */;
			buildPhases = (
				1AF8E1591DF8220C0064AF07 /* Sources */,
				1AF8E15A1DF8220C0064AF07 /* Frameworks */,
				1AF8E15B1DF8220C0064AF07 /* Resources */,
			);
			buildRules = (
			);
			dependencies = (
				1AF8E15F1DF8220C0064AF07 /* PBXTargetDependency */,
			);
			name = SaveTheKittensAndAcceptTheHairlessOnesTests;
			productName = SaveTheKittensAndAcceptTheHairlessOnesTests;
			productReference = 1AF8E15D1DF8220C0064AF07 /* SaveTheKittensAndAcceptTheHairlessOnesTests.xctest */;
			productType = "com.apple.product-type.bundle.unit-test";
		};
		1AF8E1671DF8220C0064AF07 /* SaveTheKittensAndAcceptTheHairlessOnesUITests */ = {
			isa = PBXNativeTarget;
			buildConfigurationList = 1AF8E1771DF8220C0064AF07 /* Build configuration list for PBXNativeTarget "SaveTheKittensAndAcceptTheHairlessOnesUITests" */;
			buildPhases = (
				1AF8E1641DF8220C0064AF07 /* Sources */,
				1AF8E1651DF8220C0064AF07 /* Frameworks */,
				1AF8E1661DF8220C0064AF07 /* Resources */,
			);
			buildRules = (
			);
			dependencies = (
				1AF8E16A1DF8220C0064AF07 /* PBXTargetDependency */,
			);
			name = SaveTheKittensAndAcceptTheHairlessOnesUITests;
			productName = SaveTheKittensAndAcceptTheHairlessOnesUITests;
			productReference = 1AF8E1681DF8220C0064AF07 /* SaveTheKittensAndAcceptTheHairlessOnesUITests.xctest */;
			productType = "com.apple.product-type.bundle.ui-testing";
		};
/* End PBXNativeTarget section */

/* Begin PBXProject section */
		1AF8E1411DF8220C0064AF07 /* Project object */ = {
			isa = PBXProject;
			attributes = {
				LastSwiftUpdateCheck = 0810;
				LastUpgradeCheck = 0810;
				ORGANIZATIONNAME = "Brandon Crispi";
				TargetAttributes = {
					1AF8E1481DF8220C0064AF07 = {
						CreatedOnToolsVersion = 8.1;
						ProvisioningStyle = Automatic;
					};
					1AF8E15C1DF8220C0064AF07 = {
						CreatedOnToolsVersion = 8.1;
						ProvisioningStyle = Automatic;
						TestTargetID = 1AF8E1481DF8220C0064AF07;
					};
					1AF8E1671DF8220C0064AF07 = {
						CreatedOnToolsVersion = 8.1;
						ProvisioningStyle = Automatic;
						TestTargetID = 1AF8E1481DF8220C0064AF07;
					};
				};
			};
			buildConfigurationList = 1AF8E1441DF8220C0064AF07 /* Build configuration list for PBXProject "SaveTheKittensAndAcceptTheHairlessOnes" */;
			compatibilityVersion = "Xcode 3.2";
			developmentRegion = English;
			hasScannedForEncodings = 0;
			knownRegions = (
				en,
				Base,
			);
			mainGroup = 1AF8E1401DF8220C0064AF07;
			productRefGroup = 1AF8E14A1DF8220C0064AF07 /* Products */;
			projectDirPath = "";
			projectRoot = "";
			targets = (
				1AF8E1481DF8220C0064AF07 /* SaveTheKittensAndAcceptTheHairlessOnes */,
				1AF8E15C1DF8220C0064AF07 /* SaveTheKittensAndAcceptTheHairlessOnesTests */,
				1AF8E1671DF8220C0064AF07 /* SaveTheKittensAndAcceptTheHairlessOnesUITests */,
			);
		};
/* End PBXProject section */

/* Begin PBXResourcesBuildPhase section */
		1AF8E1471DF8220C0064AF07 /* Resources */ = {
			isa = PBXResourcesBuildPhase;
			buildActionMask = 2147483647;
			files = (
				1AF8E1571DF8220C0064AF07 /* LaunchScreen.storyboard in Resources */,
				1AF8E1541DF8220C0064AF07 /* Assets.xcassets in Resources */,
				1AF8E1521DF8220C0064AF07 /* Main.storyboard in Resources */,
			);
			runOnlyForDeploymentPostprocessing = 0;
		};
		1AF8E15B1DF8220C0064AF07 /* Resources */ = {
			isa = PBXResourcesBuildPhase;
			buildActionMask = 2147483647;
			files = (
			);
			runOnlyForDeploymentPostprocessing = 0;
		};
		1AF8E1661DF8220C0064AF07 /* Resources */ = {
			isa = PBXResourcesBuildPhase;
			buildActionMask = 2147483647;
			files = (
			);
			runOnlyForDeploymentPostprocessing = 0;
		};
/* End PBXResourcesBuildPhase section */

/* Begin PBXSourcesBuildPhase section */
		1AF8E1451DF8220C0064AF07 /* Sources */ = {
			isa = PBXSourcesBuildPhase;
			buildActionMask = 2147483647;
			files = (
				1AF8E14F1DF8220C0064AF07 /* ViewController.swift in Sources */,
				1AF8E14D1DF8220C0064AF07 /* AppDelegate.swift in Sources */,
			);
			runOnlyForDeploymentPostprocessing = 0;
		};
		1AF8E1591DF8220C0064AF07 /* Sources */ = {
			isa = PBXSourcesBuildPhase;
			buildActionMask = 2147483647;
			files = (
				1AF8E1621DF8220C0064AF07 /* SaveTheKittensAndAcceptTheHairlessOnesTests.swift in Sources */,
			);
			runOnlyForDeploymentPostprocessing = 0;
		};
		1AF8E1641DF8220C0064AF07 /* Sources */ = {
			isa = PBXSourcesBuildPhase;
			buildActionMask = 2147483647;
			files = (
				1AF8E16D1DF8220C0064AF07 /* SaveTheKittensAndAcceptTheHairlessOnesUITests.swift in Sources */,
			);
			runOnlyForDeploymentPostprocessing = 0;
		};
/* End PBXSourcesBuildPhase section */

/* Begin PBXTargetDependency section */
		1AF8E15F1DF8220C0064AF07 /* PBXTargetDependency */ = {
			isa = PBXTargetDependency;
			target = 1AF8E1481DF8220C0064AF07 /* SaveTheKittensAndAcceptTheHairlessOnes */;
			targetProxy = 1AF8E15E1DF8220C0064AF07 /* PBXContainerItemProxy */;
		};
		1AF8E16A1DF8220C0064AF07 /* PBXTargetDependency */ = {
			isa = PBXTargetDependency;
			target = 1AF8E1481DF8220C0064AF07 /* SaveTheKittensAndAcceptTheHairlessOnes */;
			targetProxy = 1AF8E1691DF8220C0064AF07 /* PBXContainerItemProxy */;
		};
/* End PBXTargetDependency section */

/* Begin PBXVariantGroup section */
		1AF8E1501DF8220C0064AF07 /* Main.storyboard */ = {
			isa = PBXVariantGroup;
			children = (
				1AF8E1511DF8220C0064AF07 /* Base */,
			);
			name = Main.storyboard;
			sourceTree = "<group>";
		};
		1AF8E1551DF8220C0064AF07 /* LaunchScreen.storyboard */ = {
			isa = PBXVariantGroup;
			children = (
				1AF8E1561DF8220C0064AF07 /* Base */,
			);
			name = LaunchScreen.storyboard;
			sourceTree = "<group>";
		};
/* End PBXVariantGroup section */

/* Begin XCBuildConfiguration section */
		1AF8E16F1DF8220C0064AF07 /* Debug */ = {
			isa = XCBuildConfiguration;
			buildSettings = {
				ALWAYS_SEARCH_USER_PATHS = NO;
				CLANG_ANALYZER_NONNULL = YES;
				CLANG_CXX_LANGUAGE_STANDARD = "gnu++0x";
				CLANG_CXX_LIBRARY = "libc++";
				CLANG_ENABLE_MODULES = YES;
				CLANG_ENABLE_OBJC_ARC = YES;
				CLANG_WARN_BOOL_CONVERSION = YES;
				CLANG_WARN_CONSTANT_CONVERSION = YES;
				CLANG_WARN_DIRECT_OBJC_ISA_USAGE = YES_ERROR;
				CLANG_WARN_DOCUMENTATION_COMMENTS = YES;
				CLANG_WARN_EMPTY_BODY = YES;
				CLANG_WARN_ENUM_CONVERSION = YES;
				CLANG_WARN_INFINITE_RECURSION = YES;
				CLANG_WARN_INT_CONVERSION = YES;
				CLANG_WARN_OBJC_ROOT_CLASS = YES_ERROR;
				CLANG_WARN_SUSPICIOUS_MOVES = YES;
				CLANG_WARN_UNREACHABLE_CODE = YES;
				CLANG_WARN__DUPLICATE_METHOD_MATCH = YES;
				"CODE_SIGN_IDENTITY[sdk=iphoneos*]" = "iPhone Developer";
				COPY_PHASE_STRIP = NO;
				DEBUG_INFORMATION_FORMAT = dwarf;
				ENABLE_STRICT_OBJC_MSGSEND = YES;
				ENABLE_TESTABILITY = YES;
				GCC_C_LANGUAGE_STANDARD = gnu99;
				GCC_DYNAMIC_NO_PIC = NO;
				GCC_NO_COMMON_BLOCKS = YES;
				GCC_OPTIMIZATION_LEVEL = 0;
				GCC_PREPROCESSOR_DEFINITIONS = (
					"DEBUG=1",
					"$(inherited)",
				);
				GCC_WARN_64_TO_32_BIT_CONVERSION = YES;
				GCC_WARN_ABOUT_RETURN_TYPE = YES_ERROR;
				GCC_WARN_UNDECLARED_SELECTOR = YES;
				GCC_WARN_UNINITIALIZED_AUTOS = YES_AGGRESSIVE;
				GCC_WARN_UNUSED_FUNCTION = YES;
				GCC_WARN_UNUSED_VARIABLE = YES;
				IPHONEOS_DEPLOYMENT_TARGET = 10.1;
				MTL_ENABLE_DEBUG_INFO = YES;
				ONLY_ACTIVE_ARCH = YES;
				SDKROOT = iphoneos;
				SWIFT_ACTIVE_COMPILATION_CONDITIONS = DEBUG;
				SWIFT_OPTIMIZATION_LEVEL = "-Onone";
				TARGETED_DEVICE_FAMILY = "1,2";
			};
			name = Debug;
		};
		1AF8E1701DF8220C0064AF07 /* Release */ = {
			isa = XCBuildConfiguration;
			buildSettings = {
				ALWAYS_SEARCH_USER_PATHS = NO;
				CLANG_ANALYZER_NONNULL = YES;
				CLANG_CXX_LANGUAGE_STANDARD = "gnu++0x";
				CLANG_CXX_LIBRARY = "libc++";
				CLANG_ENABLE_MODULES = YES;
				CLANG_ENABLE_OBJC_ARC = YES;
				CLANG_WARN_BOOL_CONVERSION = YES;
				CLANG_WARN_CONSTANT_CONVERSION = YES;
				CLANG_WARN_DIRECT_OBJC_ISA_USAGE = YES_ERROR;
				CLANG_WARN_DOCUMENTATION_COMMENTS = YES;
				CLANG_WARN_EMPTY_BODY = YES;
				CLANG_WARN_ENUM_CONVERSION = YES;
				CLANG_WARN_INFINITE_RECURSION = YES;
				CLANG_WARN_INT_CONVERSION = YES;
				CLANG_WARN_OBJC_ROOT_CLASS = YES_ERROR;
				CLANG_WARN_SUSPICIOUS_MOVES = YES;
				CLANG_WARN_UNREACHABLE_CODE = YES;
				CLANG_WARN__DUPLICATE_METHOD_MATCH = YES;
				"CODE_SIGN_IDENTITY[sdk=iphoneos*]" = "iPhone Developer";
				COPY_PHASE_STRIP = NO;
				DEBUG_INFORMATION_FORMAT = "dwarf-with-dsym";
				ENABLE_NS_ASSERTIONS = NO;
				ENABLE_STRICT_OBJC_MSGSEND = YES;
				GCC_C_LANGUAGE_STANDARD = gnu99;
				GCC_NO_COMMON_BLOCKS = YES;
				GCC_WARN_64_TO_32_BIT_CONVERSION = YES;
				GCC_WARN_ABOUT_RETURN_TYPE = YES_ERROR;
				GCC_WARN_UNDECLARED_SELECTOR = YES;
				GCC_WARN_UNINITIALIZED_AUTOS = YES_AGGRESSIVE;
				GCC_WARN_UNUSED_FUNCTION = YES;
				GCC_WARN_UNUSED_VARIABLE = YES;
				IPHONEOS_DEPLOYMENT_TARGET = 10.1;
				MTL_ENABLE_DEBUG_INFO = NO;
				SDKROOT = iphoneos;
				SWIFT_OPTIMIZATION_LEVEL = "-Owholemodule";
				TARGETED_DEVICE_FAMILY = "1,2";
				VALIDATE_PRODUCT = YES;
			};
			name = Release;
		};
		1AF8E1721DF8220C0064AF07 /* Debug */ = {
			isa = XCBuildConfiguration;
			buildSettings = {
				ASSETCATALOG_COMPILER_APPICON_NAME = AppIcon;
				INFOPLIST_FILE = SaveTheKittensAndAcceptTheHairlessOnes/Info.plist;
				LD_RUNPATH_SEARCH_PATHS = "$(inherited) @executable_path/Frameworks";
				PRODUCT_BUNDLE_IDENTIFIER = "James-Blue.SaveTheKittensAndAcceptTheHairlessOnes";
				PRODUCT_NAME = "$(TARGET_NAME)";
				SWIFT_VERSION = 3.0;
			};
			name = Debug;
		};
		1AF8E1731DF8220C0064AF07 /* Release */ = {
			isa = XCBuildConfiguration;
			buildSettings = {
				ASSETCATALOG_COMPILER_APPICON_NAME = AppIcon;
				INFOPLIST_FILE = SaveTheKittensAndAcceptTheHairlessOnes/Info.plist;
				LD_RUNPATH_SEARCH_PATHS = "$(inherited) @executable_path/Frameworks";
				PRODUCT_BUNDLE_IDENTIFIER = "James-Blue.SaveTheKittensAndAcceptTheHairlessOnes";
				PRODUCT_NAME = "$(TARGET_NAME)";
				SWIFT_VERSION = 3.0;
			};
			name = Release;
		};
		1AF8E1751DF8220C0064AF07 /* Debug */ = {
			isa = XCBuildConfiguration;
			buildSettings = {
				ALWAYS_EMBED_SWIFT_STANDARD_LIBRARIES = YES;
				BUNDLE_LOADER = "$(TEST_HOST)";
				INFOPLIST_FILE = SaveTheKittensAndAcceptTheHairlessOnesTests/Info.plist;
				LD_RUNPATH_SEARCH_PATHS = "$(inherited) @executable_path/Frameworks @loader_path/Frameworks";
				PRODUCT_BUNDLE_IDENTIFIER = "James-Blue.SaveTheKittensAndAcceptTheHairlessOnesTests";
				PRODUCT_NAME = "$(TARGET_NAME)";
				SWIFT_VERSION = 3.0;
				TEST_HOST = "$(BUILT_PRODUCTS_DIR)/SaveTheKittensAndAcceptTheHairlessOnes.app/SaveTheKittensAndAcceptTheHairlessOnes";
			};
			name = Debug;
		};
		1AF8E1761DF8220C0064AF07 /* Release */ = {
			isa = XCBuildConfiguration;
			buildSettings = {
				ALWAYS_EMBED_SWIFT_STANDARD_LIBRARIES = YES;
				BUNDLE_LOADER = "$(TEST_HOST)";
				INFOPLIST_FILE = SaveTheKittensAndAcceptTheHairlessOnesTests/Info.plist;
				LD_RUNPATH_SEARCH_PATHS = "$(inherited) @executable_path/Frameworks @loader_path/Frameworks";
				PRODUCT_BUNDLE_IDENTIFIER = "James-Blue.SaveTheKittensAndAcceptTheHairlessOnesTests";
				PRODUCT_NAME = "$(TARGET_NAME)";
				SWIFT_VERSION = 3.0;
				TEST_HOST = "$(BUILT_PRODUCTS_DIR)/SaveTheKittensAndAcceptTheHairlessOnes.app/SaveTheKittensAndAcceptTheHairlessOnes";
			};
			name = Release;
		};
		1AF8E1781DF8220C0064AF07 /* Debug */ = {
			isa = XCBuildConfiguration;
			buildSettings = {
				ALWAYS_EMBED_SWIFT_STANDARD_LIBRARIES = YES;
				INFOPLIST_FILE = SaveTheKittensAndAcceptTheHairlessOnesUITests/Info.plist;
				LD_RUNPATH_SEARCH_PATHS = "$(inherited) @executable_path/Frameworks @loader_path/Frameworks";
				PRODUCT_BUNDLE_IDENTIFIER = "James-Blue.SaveTheKittensAndAcceptTheHairlessOnesUITests";
				PRODUCT_NAME = "$(TARGET_NAME)";
				SWIFT_VERSION = 3.0;
				TEST_TARGET_NAME = SaveTheKittensAndAcceptTheHairlessOnes;
			};
			name = Debug;
		};
		1AF8E1791DF8220C0064AF07 /* Release */ = {
			isa = XCBuildConfiguration;
			buildSettings = {
				ALWAYS_EMBED_SWIFT_STANDARD_LIBRARIES = YES;
				INFOPLIST_FILE = SaveTheKittensAndAcceptTheHairlessOnesUITests/Info.plist;
				LD_RUNPATH_SEARCH_PATHS = "$(inherited) @executable_path/Frameworks @loader_path/Frameworks";
				PRODUCT_BUNDLE_IDENTIFIER = "James-Blue.SaveTheKittensAndAcceptTheHairlessOnesUITests";
				PRODUCT_NAME = "$(TARGET_NAME)";
				SWIFT_VERSION = 3.0;
				TEST_TARGET_NAME = SaveTheKittensAndAcceptTheHairlessOnes;
			};
			name = Release;
		};
/* End XCBuildConfiguration section */

/* Begin XCConfigurationList section */
		1AF8E1441DF8220C0064AF07 /* Build configuration list for PBXProject "SaveTheKittensAndAcceptTheHairlessOnes" */ = {
			isa = XCConfigurationList;
			buildConfigurations = (
				1AF8E16F1DF8220C0064AF07 /* Debug */,
				1AF8E1701DF8220C0064AF07 /* Release */,
			);
			defaultConfigurationIsVisible = 0;
			defaultConfigurationName = Release;
		};
		1AF8E1711DF8220C0064AF07 /* Build configuration list for PBXNativeTarget "SaveTheKittensAndAcceptTheHairlessOnes" */ = {
			isa = XCConfigurationList;
			buildConfigurations = (
				1AF8E1721DF8220C0064AF07 /* Debug */,
				1AF8E1731DF8220C0064AF07 /* Release */,
			);
			defaultConfigurationIsVisible = 0;
		};
		1AF8E1741DF8220C0064AF07 /* Build configuration list for PBXNativeTarget "SaveTheKittensAndAcceptTheHairlessOnesTests" */ = {
			isa = XCConfigurationList;
			buildConfigurations = (
				1AF8E1751DF8220C0064AF07 /* Debug */,
				1AF8E1761DF8220C0064AF07 /* Release */,
			);
			defaultConfigurationIsVisible = 0;
		};
		1AF8E1771DF8220C0064AF07 /* Build configuration list for PBXNativeTarget "SaveTheKittensAndAcceptTheHairlessOnesUITests" */ = {
			isa = XCConfigurationList;
			buildConfigurations = (
				1AF8E1781DF8220C0064AF07 /* Debug */,
				1AF8E1791DF8220C0064AF07 /* Release */,
			);
			defaultConfigurationIsVisible = 0;
		};
/* End XCConfigurationList section */
	};
	rootObject = 1AF8E1411DF8220C0064AF07 /* Project object */;
}
